{
  "lockfileVersion": 2,
  "configVersion": 1,
  "workspaces": {
    "": {
      "name": "nxgt-telemetry",
      "devDependencies": {
        "@biomejs/biome": "^2.5.9",
        "@changesets/changelog-github": "^1.0.1",
        "@changesets/cli": "^3.0.1",
        "@types/bun": "^1.4.0",
        "typescript": "~6.0.3",
      },
    },
    "packages/telemetry": {
      "name": "@nxgt/telemetry",
      "version": "0.1.0",
      "devDependencies": {
        "@types/bun": "^1.4.0",
      },
      "peerDependencies": {
        "typescript": "^6.0.3",
      },
    },
    "packages/telemetry-hono": {
      "name": "@nxgt/telemetry-hono",
      "version": "0.1.0",
      "dependencies": {
        "@nxgt/telemetry": "workspace:^",
      },
      "devDependencies": {
        "@types/bun": "^1.4.0",
        "hono": "4.13.8",
      },
      "peerDependencies": {
        "hono": "^4.8.0",
        "typescript": "^6.0.3",
      },
      "optionalPeers": [
        "hono",
      ],
    },
    "packages/telemetry-httpyz": {
      "name": "@nxgt/telemetry-httpyz",
      "version": "0.1.0",
      "dependencies": {
        "@nxgt/telemetry": "workspace:^",
      },
      "devDependencies": {
        "@nxgt/httpyz": "0.3.0",
        "@types/bun": "^1.4.0",
      },
      "peerDependencies": {
        "@nxgt/httpyz": "^0.3.0",
        "typescript": "^6.0.3",
      },
      "optionalPeers": [
        "@nxgt/httpyz",
      ],
    },
    "packages/telemetry-mongo": {
      "name": "@nxgt/telemetry-mongo",
      "version": "0.1.0",
      "dependencies": {
        "@nxgt/telemetry": "workspace:^",
      },
      "devDependencies": {
        "@types/bun": "^1.4.0",
        "mongodb": "7.6.0",
        "mongodb-memory-server-core": "11.2.0",
      },
      "peerDependencies": {
        "mongodb": ">=7.0.0 <8",
        "typescript": "^6.0.3",
      },
      "optionalPeers": [
        "mongodb",
      ],
    },
    "packages/telemetry-otlp": {
      "name": "@nxgt/telemetry-otlp",
      "version": "0.1.0",
      "dependencies": {
        "@nxgt/telemetry": "workspace:^",
      },
      "devDependencies": {
        "@types/bun": "^1.4.0",
      },
      "peerDependencies": {
        "typescript": "^6.0.3",
      },
    },
  },
  "overrides": {
    "typescript": "~6.0.3",
  },
  "packages": {
    "@biomejs/biome": ["@biomejs/biome@2.5.13", "", { "optionalDependencies": { "@biomejs/cli-darwin-arm64": "2.5.13", "@biomejs/cli-darwin-x64": "2.5.13", "@biomejs/cli-linux-arm64": "2.5.13", "@biomejs/cli-linux-arm64-musl": "2.5.13", "@biomejs/cli-linux-x64": "2.5.13", "@biomejs/cli-linux-x64-musl": "2.5.13", "@biomejs/cli-win32-arm64": "2.5.13", "@biomejs/cli-win32-x64": "2.5.13" }, "bin": { "biome": "bin/biome" } }, "sha512-+SEC/mFk1a+5mvUANZgbZTaiZXs1nj4iMhL/PHiqDT5TPUEPFIlliEtkKKZB4N862yylHC3UI+/Sj2I0HJEqhA=="],

    "@biomejs/cli-darwin-arm64": ["@biomejs/cli-darwin-arm64@2.5.13", "", { "os": "darwin", "cpu": "arm64" }, "sha512-nYSuDJ6zgVqZUkAkJkvhXxsF2PYIrUk/g638K4voCXz7foI9f7b6C2/7+oAihsHQlivZNMUrm/y8ywlcHQtZOw=="],

    "@biomejs/cli-darwin-x64": ["@biomejs/cli-darwin-x64@2.5.13", "", { "os": "darwin", "cpu": "x64" }, "sha512-KVy1ceEDuJ3AzFxjT9kkxbVy+UANw1pjEMUS6lvKfxjJ+fmkRvc7sQn1Xo6ETgseEI7wUQoV03KSga3XfE8YRQ=="],

    "@biomejs/cli-linux-arm64": ["@biomejs/cli-linux-arm64@2.5.13", "", { "os": "linux", "cpu": "arm64" }, "sha512-VlNMtoxOqs0dUR6drxxHr18SNUvI7xxAuHZlH4s/dstYSf3g6RaqVgo8JRnhcOhKz9afWrvtJTboNG1JuYlIDQ=="],

    "@biomejs/cli-linux-arm64-musl": ["@biomejs/cli-linux-arm64-musl@2.5.13", "", { "os": "linux", "cpu": "arm64" }, "sha512-CH32xpep3dNS5EVJpAHlYchkBYznxyVZQrx0b6YYYlPL9u9ZeD2NtqiK/6s64+HFS2a7hGnryLlqqZAOh8ax5g=="],

    "@biomejs/cli-linux-x64": ["@biomejs/cli-linux-x64@2.5.13", "", { "os": "linux", "cpu": "x64" }, "sha512-Fi6gIxbUaJ3ZCIXeG3ggIBPF76O2DjDN67WrPX/ODRv54GeXPm2gbEPC96Yb0yrJoiH0Eax1JLx1Pi0XbsNFZQ=="],

    "@biomejs/cli-linux-x64-musl": ["@biomejs/cli-linux-x64-musl@2.5.13", "", { "os": "linux", "cpu": "x64" }, "sha512-F3pmwl+VHoUuVJN/tbNLKeLt0SVK3EIyN1jXlMcNyQGYRQQTVqXF+GgkP0/CjGXFN87e/mv0sBfUnWqWza5PKQ=="],

    "@biomejs/cli-win32-arm64": ["@biomejs/cli-win32-arm64@2.5.13", "", { "os": "win32", "cpu": "arm64" }, "sha512-+WD13qshXrr0Icv4BfsAdzm8Fs3TL+nZ59zEQxsYNd8lcgZJ0A5+OrlwsL1PipVCmWeRpxgIPD6DAcEd7smkCQ=="],

    "@biomejs/cli-win32-x64": ["@biomejs/cli-win32-x64@2.5.13", "", { "os": "win32", "cpu": "x64" }, "sha512-VOofU/nW761XWzUeUNE8zzYNyPrxuMuNFMizL0qz7J75yeV8N7WFheUlk1/K6dOkaFpH9wJ+lDKlwjAbw0346w=="],

    "@changesets/apply-release-plan": ["@changesets/apply-release-plan@8.1.1", "", { "dependencies": { "@changesets/config": "^4.0.1", "@changesets/format": "^0.1.2", "@changesets/git": "^4.0.1", "@changesets/should-skip-package": "^1.0.0", "@changesets/types": "^7.0.0", "import-meta-resolve": "^4.2.0", "jsonc-parser": "^3.3.1", "semver": "^7.8.1" } }, "sha512-nk2Hbq3M9NeHMdaIRBDvawKrQJzXB9sGyBUE5yWnIKtvdcNCPj75zBekJYr0gTT2ecJH3eFeTrc8eisPImcv0Q=="],

    "@changesets/assemble-release-plan": ["@changesets/assemble-release-plan@7.0.0", "", { "dependencies": { "@changesets/errors": "^1.0.0", "@changesets/get-dependents-graph": "^3.0.0", "@changesets/should-skip-package": "^1.0.0", "@changesets/types": "^7.0.0", "semver": "^7.8.1" } }, "sha512-oEW8BxdA604kGGtDSCiHr5w9Tv4UWe9I2k61IBNZzCOE1kbYaJj4v+lFQNgcEZFkUc2pV/+hASErGDvpJOZCTg=="],

    "@changesets/changelog-git": ["@changesets/changelog-git@1.0.0", "", { "dependencies": { "@changesets/types": "^7.0.0" } }, "sha512-3Dst2Ime2Op5nd4XmWJLPIgp11ZFqJqSkVug9izK6TDcIV4YlhPS4ECbEVR+eGI0bk0r1ItogD4j2Oli87bJrA=="],

    "@changesets/changelog-github": ["@changesets/changelog-github@1.0.1", "", { "dependencies": { "@changesets/get-github-info": "^1.0.1", "@changesets/types": "^7.0.0" } }, "sha512-QUcrV7878yHlWPXXPA6gqSxNKwtVHCd1K22L7ZAoJw2yGy8K4QvjwOStD75+1Q9KD9ZSUgGS94HuYdd7HOVtpA=="],

    "@changesets/cli": ["@changesets/cli@3.0.3", "", { "dependencies": { "@changesets/apply-release-plan": "^8.1.1", "@changesets/assemble-release-plan": "^7.0.0", "@changesets/changelog-git": "^1.0.0", "@changesets/config": "^4.0.1", "@changesets/errors": "^1.0.0", "@changesets/get-dependents-graph": "^3.0.0", "@changesets/git": "^4.0.1", "@changesets/pre": "^3.0.0", "@changesets/read": "^1.0.1", "@changesets/should-skip-package": "^1.0.0", "@changesets/types": "^7.0.0", "@changesets/write": "^1.0.1", "@clack/prompts": "^1.7.0", "@manypkg/get-packages": "^3.1.0", "@pnpm/deps.graph-sequencer": "^1100.0.1", "cac": "^7.0.0", "import-meta-resolve": "^4.2.0", "launch-editor": "^2.14.1", "package-manager-detector": "^1.6.0", "semver": "^7.8.1", "tinyexec": "^1.3.1" }, "bin": { "changeset": "bin.js" } }, "sha512-L1i67bMfkK6iC/kDejuNO4pFgTRcWIObsD6Qof2woP1I4M8tj17DGlcpRaTzTv1DYSP5EMwWdEtR8X0Pj5Jg3Q=="],

    "@changesets/config": ["@changesets/config@4.0.1", "", { "dependencies": { "@changesets/get-dependents-graph": "^3.0.0", "@changesets/should-skip-package": "^1.0.0", "@changesets/types": "^7.0.0", "@manypkg/get-packages": "^3.1.0", "picomatch": "^4.0.7" } }, "sha512-PxpxSQLQSLDjceAgRq+4FWlU+HflDIw03mmPVipxoQx9xrXFUjmqTy3SE+n/2t+DqPdpPiLWVr5NRiLZvjyLwg=="],

    "@changesets/errors": ["@changesets/errors@1.0.0", "", {}, "sha512-ElN/mEzn6zmETgjwf5MclCMa9ef59sAR0lfO8VSYIsiRvbC2FbLB/92EoYw10Sl0kGixxHFiJZUSv7dA+YpR8g=="],

    "@changesets/format": ["@changesets/format@0.1.2", "", { "dependencies": { "package-manager-detector": "^1.8.0", "tinyexec": "^1.3.0" } }, "sha512-Caez5XtNXCFS/G5bwyav3wuXL0tMxVd2ZGbaumWbzN08tyzO21asCw7JZhNtVsAZDCvDRUzZN+Iit9SyRITSYA=="],

    "@changesets/get-dependents-graph": ["@changesets/get-dependents-graph@3.0.0", "", { "dependencies": { "@changesets/types": "^7.0.0", "semver": "^7.8.1" } }, "sha512-ji/t5wFA1zREKXRUePE6Qi+Qu2UgxCeSSGQrphezwvQZrp49B7sJ+8+wvM0tA7zPeSxYKCojDy3WWgrl+s+awg=="],

    "@changesets/get-github-info": ["@changesets/get-github-info@1.0.1", "", { "dependencies": { "dataloader": "^2.2.3" } }, "sha512-ifLQCky/ZtDgZ4xCiUMjnLZSJ8xk52iIzMJbBBPlZWjr2CiTNTaTDddIVWKicrUAdWuLWL7PUw2fNa1yPwLpIg=="],

    "@changesets/git": ["@changesets/git@4.0.1", "", { "dependencies": { "@changesets/errors": "^1.0.0", "@changesets/types": "^7.0.0", "@manypkg/get-packages": "^3.1.0", "picomatch": "^4.0.4", "tinyexec": "^1.3.0" } }, "sha512-6vWpIAC4LkpmlqaIu37ViT5enyd9+uBwAiGqCGhASvkSHBgx4PrtTGXWTMFYpDmZbjgyonyVgMciPrW4MqtJsA=="],

    "@changesets/parse": ["@changesets/parse@1.0.0", "", { "dependencies": { "@changesets/types": "^7.0.0", "yaml": "^2.9.0" } }, "sha512-P0iaMb9p9CRYZiTgAllEIF9AUMQHIy1G72tKlcIqJp61icZSsKQNiOPdxAMZG8m/DvZwt/oz5xEbTpike//dWg=="],

    "@changesets/pre": ["@changesets/pre@3.0.0", "", { "dependencies": { "@changesets/errors": "^1.0.0", "@changesets/types": "^7.0.0", "@manypkg/get-packages": "^3.1.0" } }, "sha512-Zm/6YliV/a2oeWTqHJf6KxLrQwgcK1i/BRDl2m0EKZvbnxV5fG9QRhwJJGshjsZTUTS6dkfURQ2K6aAvgNw/3Q=="],

    "@changesets/read": ["@changesets/read@1.0.1", "", { "dependencies": { "@changesets/git": "^4.0.1", "@changesets/parse": "^1.0.0", "@changesets/types": "^7.0.0" } }, "sha512-nzvSC6RcTiWf/dsuwZFXpLzGGsRHYCL68U3uHV7srsulU93aVWY7u2GEJiDZ+4GIIElfaW5EqtKC0UHroY+LTQ=="],

    "@changesets/should-skip-package": ["@changesets/should-skip-package@1.0.0", "", { "dependencies": { "@changesets/types": "^7.0.0" } }, "sha512-pwqoJmbONn1XgXmZXPEExgAaT+HdZLjALFTDgIm+PnS5KeO2nLtzA2/Q+4aMFY14kFMuXKG30MObhvDzWgzDgg=="],

    "@changesets/types": ["@changesets/types@7.0.0", "", {}, "sha512-c5GoiQyt3pxiXjrWSNoP8/GRf4kG+VnKzovx1OQM8dYYALlSwgedmkPmJ+ZqGxqwg9D3Bkj85Uo4KLd5BN3A0w=="],

    "@changesets/write": ["@changesets/write@1.0.1", "", { "dependencies": { "@changesets/format": "^0.1.1", "@changesets/types": "^7.0.0", "human-id": "^4.2.0" } }, "sha512-q/ThtP9gcnEP6xlv7LrY26C2mHqdGBti/MmOVngt/M/oIGYkssmQGxPK9WzBNt2juVcH/vml2WQ+ra8LXYOTaA=="],

    "@clack/core": ["@clack/core@1.5.1", "", { "dependencies": { "fast-wrap-ansi": "^0.2.0", "sisteransi": "^1.0.5" } }, "sha512-iHTrHA8MtVuLl2TfZySmcKv1qO2PoyC9Z7pfSDozEuV5vtY3/wcOPKJXlqJ5Oq2Cx5DDGQGAMVx6HZfRRoVEbQ=="],

    "@clack/prompts": ["@clack/prompts@1.8.1", "", { "dependencies": { "@clack/core": "1.5.1", "fast-string-width": "^3.0.2", "fast-wrap-ansi": "^0.2.0", "sisteransi": "^1.0.5" } }, "sha512-dlT1m5e/0yUL0kRNcQn7yGLVThkgbB0Ga/1AmfDDC/8ik6AIiSf2QLQO2zPYvefsHP0aFgxO93cVLCCfDp7kzQ=="],

    "@manypkg/find-root": ["@manypkg/find-root@3.1.0", "", { "dependencies": { "@manypkg/tools": "^2.1.0" } }, "sha512-BcSqCyKhBVZ5YkSzOiheMCV41kqAFptW6xGqYSTjkVTl9XQpr+pqHhwgGCOHQtjDCv7Is6EFyA14Sm5GVbVABA=="],

    "@manypkg/get-packages": ["@manypkg/get-packages@3.1.0", "", { "dependencies": { "@manypkg/find-root": "^3.1.0", "@manypkg/tools": "^2.1.0" } }, "sha512-0TbBVyvPrP7xGYBI/cP8UP+yl/z+HtbTttAD7FMAJgn/kXOTwh5/60TsqP9ZYY710forNfyV0N8P/IE/ujGZJg=="],

    "@manypkg/tools": ["@manypkg/tools@2.1.2", "", { "dependencies": { "jju": "^1.4.0", "tinyglobby": "^0.2.13", "yaml": "^2.9.0" } }, "sha512-6QEf6yqFbETdwGITKq57aYoPfX/3K8XFNwsAlx0C1M7o8cb79sv1M3w+tWuWvIcSbNqrLF7OD7YpZMVVz335hQ=="],

    "@mongodb-js/saslprep": ["@mongodb-js/saslprep@1.5.4", "", { "dependencies": { "sparse-bitfield": "^3.0.3" } }, "sha512-05UC0jQsjKAOuXQ0H9Ud9vUTJpZIg+n/FinpR30tI5I8pY2inTfPOZ5OF/cg3Ce/N9MoD1xhRCeOsJtuTbFYlw=="],

    "@nxgt/httpyz": ["@nxgt/httpyz@0.3.0", "", { "peerDependencies": { "typescript": "^6.0.3" } }, "sha512-dnCQC2YS0lDtu2DA6mKhmduG3Uj8GW6gVyTlEnhKc1xQR18OLdclRxsoXCSh6gpCE8vZ+Y5fDl9ixSVCEammww=="],

    "@nxgt/telemetry": ["@nxgt/telemetry@workspace:packages/telemetry"],

    "@nxgt/telemetry-hono": ["@nxgt/telemetry-hono@workspace:packages/telemetry-hono"],

    "@nxgt/telemetry-httpyz": ["@nxgt/telemetry-httpyz@workspace:packages/telemetry-httpyz"],

    "@nxgt/telemetry-mongo": ["@nxgt/telemetry-mongo@workspace:packages/telemetry-mongo"],

    "@nxgt/telemetry-otlp": ["@nxgt/telemetry-otlp@workspace:packages/telemetry-otlp"],

    "@pnpm/deps.graph-sequencer": ["@pnpm/deps.graph-sequencer@1100.0.1", "", {}, "sha512-pOr5+q1fLYKwFN3LAJuGZEnfXDcQ73zqgDHMtGy+K+uIoUqyY+6MeDCWFwfu+4EFuq76I5EPFofoNAI+Bmmq4A=="],

    "@types/bun": ["@types/bun@1.4.2", "", { "dependencies": { "bun-types": "1.4.2" } }, "sha512-GimotNn7+ZV0uVArItBbriZsR1oNf0+WTzPkdcFrzShI7k2norL0uzEaJT8T33dWr7O/c9ZDuAFQrctKCi72oQ=="],

    "@types/node": ["@types/node@22.20.3", "", { "dependencies": { "undici-types": "~6.21.0" } }, "sha512-DZmzkmwHzXrLPAXPyKNDzlIwMMUZCVacoD25ywdy5YTKGbOx/2ld+Q38Im2zJ0vBuZP5Prd3VZutKZyXwkOS8A=="],

    "@types/webidl-conversions": ["@types/webidl-conversions@7.0.3", "", {}, "sha512-CiJJvcRtIgzadHCYXw7dqEnMNRjhGZlYK05Mj9OyktqV8uVT8fD2BFOB7S1uwBE3Kj2Z+4UyPmFw/Ixgw/LAlA=="],

    "@types/whatwg-url": ["@types/whatwg-url@13.0.0", "", { "dependencies": { "@types/webidl-conversions": "*" } }, "sha512-N8WXpbE6Wgri7KUSvrmQcqrMllKZ9uxkYWMt+mCSGwNc0Hsw9VQTW7ApqI4XNrx6/SaM2QQJCzMPDEXE058s+Q=="],

    "agent-base": ["agent-base@7.1.4", "", {}, "sha512-MnA+YT8fwfJPgBx3m60MNqakm30XOkyIoH1y6huTQvC0PwZG7ki8NacLBcrPbNoo8vEZy7Jpuk7+jMO+CUovTQ=="],

    "async-mutex": ["async-mutex@0.5.0", "", { "dependencies": { "tslib": "^2.4.0" } }, "sha512-1A94B18jkJ3DYq284ohPxoXbfTA5HsQ7/Mf4DEhcyLx3Bz27Rh59iScbB6EPiP+B+joue6YCxcMXSbFC1tZKwA=="],

    "b4a": ["b4a@1.9.0", "", { "peerDependencies": { "react-native-b4a": "*" }, "optionalPeers": ["react-native-b4a"] }, "sha512-dpfcF9fDNR6++cthXR67iyhgqWy9CBouAvIWhIntzBG6cvK/cnIPiZQjBwi/ZqjjBEDGfoNDtmB0kTjroOJ3pQ=="],

    "bare-events": ["bare-events@2.9.2", "", { "peerDependencies": { "bare-abort-controller": "*" }, "optionalPeers": ["bare-abort-controller"] }, "sha512-AIPKioV7/Y/8KfZ3AAhjPJxLLbY49S64Ym5DakZlUg75qQiTgUq9hEJoEwa4eUezPUlXRy/i5NpsKvo9jgKmoA=="],

    "bare-fs": ["bare-fs@4.8.1", "", { "dependencies": { "bare-events": "^2.5.4", "bare-path": "^3.0.0", "bare-stream": "^2.6.4", "bare-url": "^2.2.2", "fast-fifo": "^1.3.2" }, "peerDependencies": { "bare-buffer": "*" }, "optionalPeers": ["bare-buffer"] }, "sha512-N1nnXdHZAOSstz0XiHikGS4HGMH4CnSwhqWdGQQMqqdvp4Jybm9sE3R1WVnpWVd4SFkc8ryPDBLViNLwiEqECg=="],

    "bare-path": ["bare-path@3.1.2", "", {}, "sha512-ZyKbsuuqK6Ag0K8pX6V5Txq6XeJRvY+wXucnFGRjiyVYP9YWDpIQugk/b+enRYrEYBJaqLzghRQpXPMR7341Nw=="],

    "bare-stream": ["bare-stream@2.13.4", "", { "dependencies": { "b4a": "^1.8.1", "streamx": "^2.25.0", "teex": "^1.0.1" }, "peerDependencies": { "bare-abort-controller": "*", "bare-buffer": "*", "bare-events": "*" }, "optionalPeers": ["bare-abort-controller", "bare-buffer", "bare-events"] }, "sha512-PcrQ8lVLbiJscNm1Kez+Yp4Gy4AHGcN1lzwjvf5NybWen7VvEgUfyfnXYJ2zNqWnzOfCb1Abq6lH8ti0syQszA=="],

    "bare-url": ["bare-url@2.5.4", "", { "dependencies": { "bare-path": "^3.0.0" } }, "sha512-Gxa7UVWBr0/edU1b+TJhn/AZvMQUj9OGspvYsaTYQrAbZA4BOTZGL3LiZxvD+CeMlDH4juwD84+eTAp/bLYW5g=="],

    "bson": ["bson@7.3.3", "", {}, "sha512-oz3LwE3qGEhTCSyhzQRLY3Bj1NLOsjFMf6tcmY5J8M+3R7EVcmoBfSHWvjUK3yXCLDUsGpIuB3aQL4nDZ1EV/g=="],

    "bun-types": ["bun-types@1.4.2", "", { "dependencies": { "@types/node": "*" } }, "sha512-bxV1FgK7yBIzjRe5zBozIM4Bem11ZJcCXSrjWRG3YWLt8yFDePu4cLjpebO8OvPeIE9trbyPF4fuj3Cia4Fj3w=="],

    "cac": ["cac@7.0.0", "", {}, "sha512-tixWYgm5ZoOD+3g6UTea91eow5z6AAHaho3g0V9CNSNb45gM8SmflpAc+GRd1InC4AqN/07Unrgp56Y94N9hJQ=="],

    "camelcase": ["camelcase@6.3.0", "", {}, "sha512-Gmy6FhYlCY7uOElZUSbxo2UCDH8owEk996gkbrpsgGtrJLM3J7jGxl9Ic7Qwwj4ivOE5AWZWRMecDdF7hqGjFA=="],

    "commondir": ["commondir@1.0.1", "", {}, "sha512-W9pAhw0ja1Edb5GVdIF1mjZw/ASI0AlShXM83UUGe2DVr5TdAPEA1OA8m/g8zWp9x6On7gqufY+FatDbC3MDQg=="],

    "dataloader": ["dataloader@2.2.3", "", {}, "sha512-y2krtASINtPFS1rSDjacrFgn1dcUuoREVabwlOGOe4SdxenREqwjwjElAdwvbGM7kgZz9a3KVicWR7vcz8rnzA=="],

    "debug": ["debug@4.4.3", "", { "dependencies": { "ms": "^2.1.3" }, "peerDependencies": { "supports-color": "*" }, "optionalPeers": ["supports-color"] }, "sha512-RGwwWnwQvkVfavKVt22FGLw+xYSdzARwm0ru6DhTVA3umU5hZc28V3kO4stgYryrTlLpuvgI9GiijltAjNbcqA=="],

    "events-universal": ["events-universal@1.0.1", "", { "dependencies": { "bare-events": "^2.7.0" } }, "sha512-LUd5euvbMLpwOF8m6ivPCbhQeSiYVNb8Vs0fQ8QjXo0JTkEHpz8pxdQf0gStltaPpw0Cca8b39KxvK9cfKRiAw=="],

    "fast-fifo": ["fast-fifo@1.3.2", "", {}, "sha512-/d9sfos4yxzpwkDkuN7k2SqFKtYNmCTzgfEpz82x34IM9/zc8KGxQoXg1liNC/izpRM/MBdt44Nmx41ZWqk+FQ=="],

    "fast-string-truncated-width": ["fast-string-truncated-width@3.0.3", "", {}, "sha512-0jjjIEL6+0jag3l2XWWizO64/aZVtpiGE3t0Zgqxv0DPuxiMjvB3M24fCyhZUO4KomJQPj3LTSUnDP3GpdwC0g=="],

    "fast-string-width": ["fast-string-width@3.0.2", "", { "dependencies": { "fast-string-truncated-width": "^3.0.2" } }, "sha512-gX8LrtNEI5hq8DVUfRQMbr5lpaS4nMIWV+7XEbXk2b8kiQIizgnlr12B4dA3ZEx3308ze0O4Q1R+cHts8kyUJg=="],

    "fast-wrap-ansi": ["fast-wrap-ansi@0.2.2", "", { "dependencies": { "fast-string-width": "^3.0.2" } }, "sha512-7F2Fl+TjRSenLqlU3UjSH0iyqopqoZIu7eZVpEirP2g1GtWa2G/ecEmBdgz31+Mxr+ELclgg6sokpSFIQiZ02Q=="],

    "fdir": ["fdir@6.5.0", "", { "peerDependencies": { "picomatch": "^3 || ^4" }, "optionalPeers": ["picomatch"] }, "sha512-tIbYtZbucOs0BRGqPJkshJUYdL+SDH7dVM8gjy+ERp3WAUjLEFJE+02kanyHtwjWOnwrKYBiwAmM0p4kLJAnXg=="],

    "find-cache-dir": ["find-cache-dir@3.3.2", "", { "dependencies": { "commondir": "^1.0.1", "make-dir": "^3.0.2", "pkg-dir": "^4.1.0" } }, "sha512-wXZV5emFEjrridIgED11OoUKLxiYjAcqot/NJdAkOhlJ+vGzwhOAfcG5OX1jP+S0PcjEn8bdMJv+g2jwQ3Onig=="],

    "find-up": ["find-up@4.1.0", "", { "dependencies": { "locate-path": "^5.0.0", "path-exists": "^4.0.0" } }, "sha512-PpOwAdQ/YlXQ2vj8a3h8IipDuYRi3wceVQQGYWxNINccq40Anw7BlsEXCMbt1Zt+OLA6Fq9suIpIWD0OsnISlw=="],

    "follow-redirects": ["follow-redirects@1.16.0", "", { "peerDependencies": { "debug": "*" }, "optionalPeers": ["debug"] }, "sha512-y5rN/uOsadFT/JfYwhxRS5R7Qce+g3zG97+JrtFZlC9klX/W5hD7iiLzScI4nZqUS7DNUdhPgw4xI8W2LuXlUw=="],

    "hono": ["hono@4.13.8", "", {}, "sha512-/Gng7NfoykZl2pjukW5Z6+8Yxm3BPRf86GTbQnt0SbySkvax4fyL4H3HhY1cCpBGmiW9XDRFzRV+CXK2W8QudQ=="],

    "https-proxy-agent": ["https-proxy-agent@7.0.6", "", { "dependencies": { "agent-base": "^7.1.2", "debug": "4" } }, "sha512-vK9P5/iUfdl95AI+JVyUuIcVtd4ofvtrOr3HNtM2yxC9bnMbEdp3x01OhQNnjb8IJYi38VlTE3mBXwcfvywuSw=="],

    "human-id": ["human-id@4.2.1", "", { "bin": { "human-id": "dist/cli.js" } }, "sha512-zPGsiS+dWoTZtZ4AtpA9Y+BdSFSNWvnouNlWNoUFyAM6xHOHmdCvqO3k8AIbdamCOv4gUFUVNPf6rJFfc4UiJw=="],

    "import-meta-resolve": ["import-meta-resolve@4.2.0", "", {}, "sha512-Iqv2fzaTQN28s/FwZAoFq0ZSs/7hMAHJVX+w8PZl3cY19Pxk6jFFalxQoIfW2826i/fDLXv8IiEZRIT0lDuWcg=="],

    "jju": ["jju@1.4.0", "", {}, "sha512-8wb9Yw966OSxApiCt0K3yNJL8pnNeIv+OEq2YMidz4FKP6nonSRoOXc80iXY4JaN2FC11B9qsNmDsm+ZOfMROA=="],

    "jsonc-parser": ["jsonc-parser@3.3.1", "", {}, "sha512-HUgH65KyejrUFPvHFPbqOY0rsFip3Bo5wb4ngvdi1EpCYWUQDC5V+Y7mZws+DLkr4M//zQJoanu1SP+87Dv1oQ=="],

    "launch-editor": ["launch-editor@2.14.1", "", { "dependencies": { "picocolors": "^1.1.1", "shell-quote": "^1.8.4" } }, "sha512-QWBrQsMpH7gPr965dsKD/3cKWiNoTjpATQf++Xq63N6sKRGMwlVXz41O1IZTMfZQgBctD/K5Zt06+/I6pP6+HA=="],

    "locate-path": ["locate-path@5.0.0", "", { "dependencies": { "p-locate": "^4.1.0" } }, "sha512-t7hw9pI+WvuwNJXwk5zVHpyhIqzg2qTlklJOf0mVxGSbe3Fp2VieZcduNYjaLDoy6p9uGpQEGWG87WpMKlNq8g=="],

    "make-dir": ["make-dir@3.1.0", "", { "dependencies": { "semver": "^6.0.0" } }, "sha512-g3FeP20LNwhALb/6Cz6Dd4F2ngze0jz7tbzrD2wAV+o9FeNHe4rL+yK2md0J/fiSf1sa1ADhXqi5+oVwOM/eGw=="],

    "memory-pager": ["memory-pager@1.5.0", "", {}, "sha512-ZS4Bp4r/Zoeq6+NLJpP+0Zzm0pR8whtGPf1XExKLJBAczGMnSi3It14OiNCStjQjM6NU1okjQGSxgEZN8eBYKg=="],

    "mongodb": ["mongodb@7.6.0", "", { "dependencies": { "@mongodb-js/saslprep": "^1.4.11", "bson": "^7.2.0", "mongodb-connection-string-url": "^7.0.1" }, "peerDependencies": { "@aws-sdk/credential-providers": "^3.806.0", "@mongodb-js/zstd": "^7.0.0", "gcp-metadata": "^7.0.1", "kerberos": "^7.0.0", "mongodb-client-encryption": "^7.2.0", "snappy": "^7.3.2", "socks": "^2.8.6" }, "optionalPeers": ["@aws-sdk/credential-providers", "@mongodb-js/zstd", "gcp-metadata", "kerberos", "mongodb-client-encryption", "snappy", "socks"] }, "sha512-WbZ6OCjYw2c53LOjfkQa+reXr7kIiOVpXXglnASFuiMtif0BvsMwHe3ClJHLm1/r7wJFwaasfFtD6iYIktB01g=="],

    "mongodb-connection-string-url": ["mongodb-connection-string-url@7.0.2", "", { "dependencies": { "@types/whatwg-url": "^13.0.0", "whatwg-url": "^14.1.0" } }, "sha512-ZoS07RoFqpKYQwAk59qmrx8+jJHNHU30UjlU96QktiGn1ltvDr+vCznLX5DiUBLEpMAHatHNWV1nM/74ul66kA=="],

    "mongodb-memory-server-core": ["mongodb-memory-server-core@11.2.0", "", { "dependencies": { "async-mutex": "^0.5.0", "camelcase": "^6.3.0", "debug": "^4.4.3", "find-cache-dir": "^3.3.2", "follow-redirects": "^1.16.0", "https-proxy-agent": "^7.0.6", "mongodb": "^7.2.0", "new-find-package-json": "^2.0.0", "semver": "^7.7.3", "tar-stream": "^3.1.8", "tslib": "^2.8.1", "yauzl": "^3.3.1" } }, "sha512-vOoDtn0JiLrHvZY81Rp/UtKXXK0rtJHZGZFVnccvJwYitPLNspO0Ty0grqFQOe7iAET8+GI4zAQcphg+R3vxQg=="],

    "ms": ["ms@2.1.3", "", {}, "sha512-6FlzubTLZG3J2a/NVCAleEhjzq5oxgHyaCU9yYXvcLsvoVaHJq/s5xXI6/XXP6tz7R9xAOtHnSO/tXtF3WRTlA=="],

    "new-find-package-json": ["new-find-package-json@2.0.0", "", { "dependencies": { "debug": "^4.3.4" } }, "sha512-lDcBsjBSMlj3LXH2v/FW3txlh2pYTjmbOXPYJD93HI5EwuLzI11tdHSIpUMmfq/IOsldj4Ps8M8flhm+pCK4Ew=="],

    "p-limit": ["p-limit@2.3.0", "", { "dependencies": { "p-try": "^2.0.0" } }, "sha512-//88mFWSJx8lxCzwdAABTJL2MyWB12+eIY7MDL2SqLmAkeKU9qxRvWuSyTjm3FUmpBEMuFfckAIqEaVGUDxb6w=="],

    "p-locate": ["p-locate@4.1.0", "", { "dependencies": { "p-limit": "^2.2.0" } }, "sha512-R79ZZ/0wAxKGu3oYMlz8jy/kbhsNrS7SKZ7PxEHBgJ5+F2mtFW2fK2cOtBh1cHYkQsbzFV7I+EoRKe6Yt0oK7A=="],

    "p-try": ["p-try@2.2.0", "", {}, "sha512-R4nPAVTAU0B9D35/Gk3uJf/7XYbQcyohSKdvAxIRSNghFl4e71hVoGnBNQz9cWaXxO2I10KTC+3jMdvvoKw6dQ=="],

    "package-manager-detector": ["package-manager-detector@1.8.0", "", {}, "sha512-yQA4H19AmPEoMUeavPMDIe1higySl/gH/yaQrkT/s07Qp+7pp2hYz30N3z2l5BkjVkF9Ow6o0wjJamm2y7Sn0A=="],

    "path-exists": ["path-exists@4.0.0", "", {}, "sha512-ak9Qy5Q7jYb2Wwcey5Fpvg2KoAc/ZIhLSLOSBmRmygPsGwkVVt0fZa0qrtMz+m6tJTAHfZQ8FnmB4MG4LWy7/w=="],

    "pend": ["pend@1.2.0", "", {}, "sha512-F3asv42UuXchdzt+xXqfW1OGlVBe+mxa2mqI0pg5yAHZPvFmY3Y6drSf/GQ1A86WgWEN9Kzh/WrgKa6iGcHXLg=="],

    "picocolors": ["picocolors@1.1.1", "", {}, "sha512-xceH2snhtb5M9liqDsmEw56le376mTZkEX/jEb/RxNFyegNul7eNslCXP9FDj/Lcu0X8KEyMceP2ntpaHrDEVA=="],

    "picomatch": ["picomatch@4.0.7", "", {}, "sha512-qcJu88Q2IWqJsDD529JKMdwGm/dvInW4HvQnRwiH9JtihJvzGOscDtHE3x1pBKeUOTysQ8kVmLnJ2kJu7yhcGA=="],

    "pkg-dir": ["pkg-dir@4.2.0", "", { "dependencies": { "find-up": "^4.0.0" } }, "sha512-HRDzbaKjC+AOWVXxAU/x54COGeIv9eb+6CkDSQoNTt4XyWoIJvuPsXizxu/Fr23EiekbtZwmh1IcIG/l/a10GQ=="],

    "punycode": ["punycode@2.3.1", "", {}, "sha512-vYt7UD1U9Wg6138shLtLOvdAu+8DsC/ilFtEVHcH+wydcSpNE20AfSOduf6MkRFahL5FY7X1oU7nKVZFtfq8Fg=="],

    "semver": ["semver@7.8.5", "", { "bin": { "semver": "bin/semver.js" } }, "sha512-Y7/KDsb8LjooZpwaqGyulO6DQlksgCncchHGk+sZIY4SBvUocMBEFH5Ur1fI4dV+Jvl0w6cjvucaIi40puRioA=="],

    "shell-quote": ["shell-quote@1.10.0", "", {}, "sha512-w1aiOKwKuRgtwAReIIj89puqg+I7GvX4IbLrvmhXbzQsj1+Zwi4VO3+fa6ZF91TWSjIxoEkKnMeHcLEODK5ZXA=="],

    "sisteransi": ["sisteransi@1.0.5", "", {}, "sha512-bLGGlR1QxBcynn2d5YmDX4MGjlZvy2MRBDRNHLJ8VI6l6+9FUiyTFNJ0IveOSP0bcXgVDPRcfGqA0pjaqUpfVg=="],

    "sparse-bitfield": ["sparse-bitfield@3.0.3", "", { "dependencies": { "memory-pager": "^1.0.2" } }, "sha512-kvzhi7vqKTfkh0PZU+2D2PIllw2ymqJKujUcyPMd9Y75Nv4nPbGJZXNhxsgdQab2BmlDct1YnfQCguEvHr7VsQ=="],

    "streamx": ["streamx@2.28.1", "", { "dependencies": { "events-universal": "^1.0.0", "fast-fifo": "^1.3.2", "text-decoder": "^1.1.0" } }, "sha512-zEzXb0s5Cds7tqMH6rhZ05lcJydCWiQPEwiNngVqzsxCc962vLY4Uw+mW7od8kDH258k2Uz/JrOkdIAAhSh9VA=="],

    "tar-stream": ["tar-stream@3.2.1", "", { "dependencies": { "b4a": "^1.6.4", "bare-fs": "^4.5.5", "fast-fifo": "^1.2.0", "streamx": "^2.15.0" } }, "sha512-nqsEO8zLZJvrOMdEwkA0QdCLFbetHMn95Zqu4fKwX+hkaTWJPZZOrxx/PwtxoK0MMGQmBQNRW3CPs8IFYQz4cQ=="],

    "teex": ["teex@1.0.1", "", { "dependencies": { "streamx": "^2.12.5" } }, "sha512-eYE6iEI62Ni1H8oIa7KlDU6uQBtqr4Eajni3wX7rpfXD8ysFx8z0+dri+KWEPWpBsxXfxu58x/0jvTVT1ekOSg=="],

    "text-decoder": ["text-decoder@1.2.7", "", { "dependencies": { "b4a": "^1.6.4" } }, "sha512-vlLytXkeP4xvEq2otHeJfSQIRyWxo/oZGEbXrtEEF9Hnmrdly59sUbzZ/QgyWuLYHctCHxFF4tRQZNQ9k60ExQ=="],

    "tinyexec": ["tinyexec@1.3.1", "", {}, "sha512-GCvB3aoys96IuDFBMcTB46JOR6mdMtAToqwiW8JlWhsoh1mhHi/xn9ss/Dg7N555GiJyEt2qzoG/NHCwM6h1EA=="],

    "tinyglobby": ["tinyglobby@0.2.17", "", { "dependencies": { "fdir": "^6.5.0", "picomatch": "^4.0.4" } }, "sha512-wXR/dYpcqKmfWpEdZjiKJOwCNFndD0DMnrW/cYjVGttEkBfVgcLFHoNrlj47mjOVic9yyNu65alsgF4NQyTa2g=="],

    "tr46": ["tr46@5.1.1", "", { "dependencies": { "punycode": "^2.3.1" } }, "sha512-hdF5ZgjTqgAntKkklYw0R03MG2x/bSzTtkxmIRw/sTNV8YXsCJ1tfLAX23lhxhHJlEf3CRCOCGGWw3vI3GaSPw=="],

    "tslib": ["tslib@2.8.1", "", {}, "sha512-oJFu94HQb+KVduSUQL7wnpmqnfmLsOA/nAh6b6EH0wCEoK0/mPeXU6c3wKDV83MkOuHPRHtSXKKU99IBazS/2w=="],

    "typescript": ["typescript@6.0.3", "", { "bin": { "tsc": "bin/tsc", "tsserver": "bin/tsserver" } }, "sha512-y2TvuxSZPDyQakkFRPZHKFm+KKVqIisdg9/CZwm9ftvKXLP8NRWj38/ODjNbr43SsoXqNuAisEf1GdCxqWcdBw=="],

    "undici-types": ["undici-types@6.21.0", "", {}, "sha512-iwDZqg0QAGrg9Rav5H4n0M64c3mkR59cJ6wQp+7C4nI0gsmExaedaYLNO44eT4AtBBwjbTiGPMlt2Md0T9H9JQ=="],

    "webidl-conversions": ["webidl-conversions@7.0.0", "", {}, "sha512-VwddBukDzu71offAQR975unBIGqfKZpM+8ZX6ySk8nYhVoo5CYaZyzt3YBvYtRtO+aoGlqxPg/B87NGVZ/fu6g=="],

    "whatwg-url": ["whatwg-url@14.2.0", "", { "dependencies": { "tr46": "^5.1.0", "webidl-conversions": "^7.0.0" } }, "sha512-De72GdQZzNTUBBChsXueQUnPKDkg/5A5zp7pFDuQAj5UFoENpiACU0wlCvzpAGnTkj++ihpKwKyYewn/XNUbKw=="],

    "yaml": ["yaml@2.9.1", "", { "bin": { "yaml": "bin.mjs" } }, "sha512-3NxN8+78OdzbT7C/WjGsyfPAtJaN3FNDsWxv7Y7mcDsT/oOmgW8BpyQQFFBnvZE3j9Y2Sdz1ULFLezL7Eb2yFw=="],

    "yauzl": ["yauzl@3.4.0", "", { "dependencies": { "pend": "~1.2.0" } }, "sha512-jIH9yLR9wqr0wOS0TpBvo/g/2UgZH5qePVbjgRliiF0BYvOZyaBknKsF+x9Iht0O6sqgnB93rCICdOZFecJuDw=="],

    "make-dir/semver": ["semver@6.3.1", "", { "bin": { "semver": "bin/semver.js" } }, "sha512-BR7VvDCVHO+q2xBEWskxS6DJE1qRnb7DxzUrogb71CWoSficBxYsiAGd+Kl0mmq/MprG9yArRkyrQxTO6XjMzA=="],
  }
}
